<?xml version="1.0" encoding="utf-8"?>
<Project ToolsVersion="4.0" xmlns="http://schemas.microsoft.com/developer/msbuild/2003">
  <ItemGroup>
    <ClCompile Include="Background.cpp">
      <Filter>cpp</Filter>
    </ClCompile>
    <ClCompile Include="BitMap.cpp">
      <Filter>cpp</Filter>
    </ClCompile>
    <ClCompile Include="BitMapManager.cpp">
      <Filter>cpp</Filter>
    </ClCompile>
    <ClCompile Include="Character.cpp">
      <Filter>cpp</Filter>
    </ClCompile>
    <ClCompile Include="GameManager.cpp">
      <Filter>cpp</Filter>
    </ClCompile>
    <ClCompile Include="MainMenu.cpp">
      <Filter>cpp</Filter>
    </ClCompile>
    <ClCompile Include="Project2.cpp">
      <Filter>cpp</Filter>
    </ClCompile>
    <ClCompile Include="PlayGame.cpp">
      <Filter>cpp</Filter>
    </ClCompile>
    <ClCompile Include="GameObject.cpp">
      <Filter>cpp</Filter>
    </ClCompile>
  </ItemGroup>
  <ItemGroup>
    <ClInclude Include="Background.h">
      <Filter>헤더파일</Filter>
    </ClInclude>
    <ClInclude Include="BitMap.h">
      <Filter>헤더파일</Filter>
    </ClInclude>
    <ClInclude Include="Project2.h">
      <Filter>헤더파일</Filter>
    </ClInclude>
    <ClInclude Include="Resource.h">
      <Filter>헤더파일</Filter>
    </ClInclude>
    <ClInclude Include="targetver.h">
      <Filter>헤더파일</Filter>
    </ClInclude>
    <ClInclude Include="BitMapManager.h">
      <Filter>헤더파일</Filter>
    </ClInclude>
    <ClInclude Include="Character.h">
      <Filter>헤더파일</Filter>
    </ClInclude>
    <ClInclude Include="framework.h">
      <Filter>헤더파일</Filter>
    </ClInclude>
    <ClInclude Include="GameManager.h">
      <Filter>헤더파일</Filter>
    </ClInclude>
    <ClInclude Include="MainMenu.h">
      <Filter>헤더파일</Filter>
    </ClInclude>
    <ClInclude Include="PlayGame.h">
      <Filter>헤더파일</Filter>
    </ClInclude>
    <ClInclude Include="GameObject.h">
      <Filter>헤더파일</Filter>
    </ClInclude>
  </ItemGroup>
  <ItemGroup>
    <Image Include="Project2.ico">
      <Filter>헤더파일</Filter>
    </Image>
    <Image Include="small.ico">
      <Filter>헤더파일</Filter>
    </Image>
  </ItemGroup>
  <ItemGroup>
    <Filter Include="헤더파일">
      <UniqueIdentifier>{2fdaf9d7-c2de-4e4f-9e80-4d23e8a5f1c3}</UniqueIdentifier>
    </Filter>
    <Filter Include="cpp">
      <UniqueIdentifier>{3e66b2d3-1fd8-4959-8371-5117421e78df}</UniqueIdentifier>
    </Filter>
  </ItemGroup>
  <ItemGroup>
    <ResourceCompile Include="Project2.rc">
      <Filter>헤더파일</Filter>
    </ResourceCompile>
  </ItemGroup>
</Project>